{
  "nodes": {
    "dart-sass": {
      "flake": false,
      "locked": {
        "narHash": "sha256-6OB/9VlCZgyVHUfB6tez8IqWInDNkq7IYN5Gm1FuF3U=",
        "type": "tarball",
        "url": "https://github.com/sass/dart-sass/releases/download/1.49.11/dart-sass-1.49.11-linux-x64.tar.gz"
      },
      "original": {
        "type": "tarball",
        "url": "https://github.com/sass/dart-sass/releases/download/1.49.11/dart-sass-1.49.11-linux-x64.tar.gz"
      }
    },
    "flake-utils": {
      "locked": {
        "lastModified": 1648297722,
        "narHash": "sha256-W+qlPsiZd8F3XkzXOzAoR+mpFqzm3ekQkJNa+PIh1BQ=",
        "owner": "numtide",
        "repo": "flake-utils",
        "rev": "0f8662f1319ad6abf89b3380dd2722369fc51ade",
        "type": "github"
      },
      "original": {
        "owner": "numtide",
        "repo": "flake-utils",
        "type": "github"
      }
    },
    "mach-nix": {
      "inputs": {
        "flake-utils": [
          "flake-utils"
        ],
        "nixpkgs": [
          "nixpkgs"
        ],
        "pypi-deps-db": [
          "pypi-deps-db"
        ]
      },
      "locked": {
        "lastModified": 1648436428,
        "narHash": "sha256-pDXf4Pgh1sGMSNpLjYnb2+WLqYYuRZxNs4OuOfNS8ik=",
        "owner": "DavHau",
        "repo": "mach-nix",
        "rev": "86c3111786742fcc4dfdca2e124bcea10e05a4e6",
        "type": "github"
      },
      "original": {
        "owner": "DavHau",
        "repo": "mach-nix",
        "type": "github"
      }
    },
    "nixpkgs": {
      "locked": {
        "lastModified": 1648830526,
        "narHash": "sha256-vXaBIvst+KvXSRAjYBDzX4vtQERL5R4fe0/7585Msqk=",
        "owner": "NixOS",
        "repo": "nixpkgs",
        "rev": "6f88260faaaa3cda8f4e478be72be6c0861c47ad",
        "type": "github"
      },
      "original": {
        "id": "nixpkgs",
        "ref": "nixos-21.11",
        "type": "indirect"
      }
    },
    "nixpkgsPy36": {
      "locked": {
        "lastModified": 1601475821,
        "narHash": "sha256-7AI8j/xq5slauMGwC3Dp2K9TKDyDtBXBebeyWsE9euE=",
        "owner": "NixOS",
        "repo": "nixpkgs",
        "rev": "b4db68ff563895eea6aab4ff24fa04ef403dfe14",
        "type": "github"
      },
      "original": {
        "id": "nixpkgs",
        "rev": "b4db68ff563895eea6aab4ff24fa04ef403dfe14",
        "type": "indirect"
      }
    },
    "pypi-deps-db": {
      "inputs": {
        "mach-nix": [
          "mach-nix"
        ],
        "nixpkgs": [
          "nixpkgs"
        ],
        "nixpkgsPy36": "nixpkgsPy36",
        "pypiIndex": "pypiIndex"
      },
      "locked": {
        "lastModified": 1648930582,
        "narHash": "sha256-1dil6tU4YvG1gj/0Yc8JtfDLwszdJ4M/mHTBjVuOd3I=",
        "owner": "DavHau",
        "repo": "pypi-deps-db",
        "rev": "5b7f8a7d039fdc203d577dff3fbefa81b236f9e1",
        "type": "github"
      },
      "original": {
        "owner": "DavHau",
        "repo": "pypi-deps-db",
        "type": "github"
      }
    },
    "pypiIndex": {
      "flake": false,
      "locked": {
        "lastModified": 1648920451,
        "narHash": "sha256-OdhdtnpkxzAMDMR6cU39RYlpLWvjTui/lnJtEmj4O0A=",
        "owner": "davhau",
        "repo": "nix-pypi-fetcher",
        "rev": "25363c9135db6d392726c00c441bca35f681d16e",
        "type": "github"
      },
      "original": {
        "owner": "davhau",
        "repo": "nix-pypi-fetcher",
        "type": "github"
      }
    },
    "root": {
      "inputs": {
        "dart-sass": "dart-sass",
        "flake-utils": "flake-utils",
        "mach-nix": "mach-nix",
        "nixpkgs": "nixpkgs",
        "pypi-deps-db": "pypi-deps-db"
      }
    }
  },
  "root": "root",
  "version": 7
}
